
Microsoft Visual Studio Solution File, Format Version 12.00
# Visual Studio Version 17
VisualStudioVersion = 17.3.32901.215
MinimumVisualStudioVersion = 10.0.40219.1
Project("{FAE04EC0-301F-11D3-BF4B-00C04F79EFBC}") = "heartyculture_API_Enc", "heartyculture_API_Enc.csproj", "{6697CCD2-0504-4B27-8941-BEB34F41B65B}"
EndProject
Global
	GlobalSection(SolutionConfigurationPlatforms) = preSolution
		Debug|Any CPU = Debug|Any CPU
		Release|Any CPU = Release|Any CPU
	EndGlobalSection
	GlobalSection(ProjectConfigurationPlatforms) = postSolution
		{6697CCD2-0504-4B27-8941-BEB34F41B65B}.Debug|Any CPU.ActiveCfg = Debug|Any CPU
		{6697CCD2-0504-4B27-8941-BEB34F41B65B}.Debug|Any CPU.Build.0 = Debug|Any CPU
		{6697CCD2-0504-4B27-8941-BEB34F41B65B}.Release|Any CPU.ActiveCfg = Release|Any CPU
		{6697CCD2-0504-4B27-8941-BEB34F41B65B}.Release|Any CPU.Build.0 = Release|Any CPU
	EndGlobalSection
	GlobalSection(SolutionProperties) = preSolution
		HideSolutionNode = FALSE
	EndGlobalSection
	GlobalSection(ExtensibilityGlobals) = postSolution
		SolutionGuid = {0BDA6BDB-E3C2-418A-94DB-263FDE110975}
	EndGlobalSection
EndGlobal
